
Microsoft Visual Studio Solution File, Format Version 12.00
# Visual Studio Version 17
VisualStudioVersion = 17.14.36429.23 d17.14
MinimumVisualStudioVersion = 10.0.40219.1
Project("{FAE04EC0-301F-11D3-BF4B-00C04F79EFBC}") = "BetaSurf", "BetaSurf.csproj", "{CDB6E75B-B611-DE85-B1A3-AE26E0ABD3B6}"
EndProject
Global
	GlobalSection(SolutionConfigurationPlatforms) = preSolution
		Debug|Any CPU = Debug|Any CPU
		Release|Any CPU = Release|Any CPU
	EndGlobalSection
	GlobalSection(ProjectConfigurationPlatforms) = postSolution
		{CDB6E75B-B611-DE85-B1A3-AE26E0ABD3B6}.Debug|Any CPU.ActiveCfg = Debug|Any CPU
		{CDB6E75B-B611-DE85-B1A3-AE26E0ABD3B6}.Debug|Any CPU.Build.0 = Debug|Any CPU
		{CDB6E75B-B611-DE85-B1A3-AE26E0ABD3B6}.Release|Any CPU.ActiveCfg = Release|Any CPU
		{CDB6E75B-B611-DE85-B1A3-AE26E0ABD3B6}.Release|Any CPU.Build.0 = Release|Any CPU
	EndGlobalSection
	GlobalSection(SolutionProperties) = preSolution
		HideSolutionNode = FALSE
	EndGlobalSection
	GlobalSection(ExtensibilityGlobals) = postSolution
		SolutionGuid = {AC170D70-5AA1-419D-A260-6E96347BFB59}
	EndGlobalSection
EndGlobal
